
Microsoft Visual Studio Solution File, Format Version 12.00
# Visual Studio Version 16
VisualStudioVersion = 16.0.29613.14
MinimumVisualStudioVersion = 10.0.40219.1
Project("{9A19103F-16F7-4668-BE54-9A1E7A4F7556}") = "SistemaCuotas", "SistemaCuotas\SistemaCuotas.csproj", "{F77486EC-9483-4692-8DE6-7212599660C9}"
EndProject
Project("{9A19103F-16F7-4668-BE54-9A1E7A4F7556}") = "Data", "Data\Data.csproj", "{9F92D70A-86AC-4AF8-8855-FE7075325AB3}"
EndProject
Project("{FAE04EC0-301F-11D3-BF4B-00C04F79EFBC}") = "Domain", "Domain\Domain.csproj", "{C72258A3-442E-4F7A-9793-52F032977873}"
EndProject
Project("{FAE04EC0-301F-11D3-BF4B-00C04F79EFBC}") = "Business", "Business\Business.csproj", "{53E58C62-30ED-4B93-96E5-3F970D04AA0E}"
EndProject
Global
	GlobalSection(SolutionConfigurationPlatforms) = preSolution
		Debug|Any CPU = Debug|Any CPU
		Release|Any CPU = Release|Any CPU
	EndGlobalSection
	GlobalSection(ProjectConfigurationPlatforms) = postSolution
		{F77486EC-9483-4692-8DE6-7212599660C9}.Debug|Any CPU.ActiveCfg = Debug|Any CPU
		{F77486EC-9483-4692-8DE6-7212599660C9}.Debug|Any CPU.Build.0 = Debug|Any CPU
		{F77486EC-9483-4692-8DE6-7212599660C9}.Release|Any CPU.ActiveCfg = Release|Any CPU
		{F77486EC-9483-4692-8DE6-7212599660C9}.Release|Any CPU.Build.0 = Release|Any CPU
		{9F92D70A-86AC-4AF8-8855-FE7075325AB3}.Debug|Any CPU.ActiveCfg = Debug|Any CPU
		{9F92D70A-86AC-4AF8-8855-FE7075325AB3}.Debug|Any CPU.Build.0 = Debug|Any CPU
		{9F92D70A-86AC-4AF8-8855-FE7075325AB3}.Release|Any CPU.ActiveCfg = Release|Any CPU
		{9F92D70A-86AC-4AF8-8855-FE7075325AB3}.Release|Any CPU.Build.0 = Release|Any CPU
		{C72258A3-442E-4F7A-9793-52F032977873}.Debug|Any CPU.ActiveCfg = Debug|Any CPU
		{C72258A3-442E-4F7A-9793-52F032977873}.Debug|Any CPU.Build.0 = Debug|Any CPU
		{C72258A3-442E-4F7A-9793-52F032977873}.Release|Any CPU.ActiveCfg = Release|Any CPU
		{C72258A3-442E-4F7A-9793-52F032977873}.Release|Any CPU.Build.0 = Release|Any CPU
		{53E58C62-30ED-4B93-96E5-3F970D04AA0E}.Debug|Any CPU.ActiveCfg = Debug|Any CPU
		{53E58C62-30ED-4B93-96E5-3F970D04AA0E}.Debug|Any CPU.Build.0 = Debug|Any CPU
		{53E58C62-30ED-4B93-96E5-3F970D04AA0E}.Release|Any CPU.ActiveCfg = Release|Any CPU
		{53E58C62-30ED-4B93-96E5-3F970D04AA0E}.Release|Any CPU.Build.0 = Release|Any CPU
	EndGlobalSection
	GlobalSection(SolutionProperties) = preSolution
		HideSolutionNode = FALSE
	EndGlobalSection
	GlobalSection(ExtensibilityGlobals) = postSolution
		SolutionGuid = {CE995A58-9C76-41CF-8E2B-CFB0FD8060A1}
	EndGlobalSection
EndGlobal
